
Microsoft Visual Studio Solution File, Format Version 12.00
# Visual Studio Version 17
VisualStudioVersion = 17.9.34728.123
MinimumVisualStudioVersion = 10.0.40219.1
Project("{FAE04EC0-301F-11D3-BF4B-00C04F79EFBC}") = "ProjectManagementWpf", "ProjectManagementWpf\ProjectManagementWpf.csproj", "{8BA3B0A8-28F4-410A-9DED-3ABC769DB747}"
EndProject
Global
	GlobalSection(SolutionConfigurationPlatforms) = preSolution
		Debug|Any CPU = Debug|Any CPU
		Release|Any CPU = Release|Any CPU
	EndGlobalSection
	GlobalSection(ProjectConfigurationPlatforms) = postSolution
		{8BA3B0A8-28F4-410A-9DED-3ABC769DB747}.Debug|Any CPU.ActiveCfg = Debug|Any CPU
		{8BA3B0A8-28F4-410A-9DED-3ABC769DB747}.Debug|Any CPU.Build.0 = Debug|Any CPU
		{8BA3B0A8-28F4-410A-9DED-3ABC769DB747}.Release|Any CPU.ActiveCfg = Release|Any CPU
		{8BA3B0A8-28F4-410A-9DED-3ABC769DB747}.Release|Any CPU.Build.0 = Release|Any CPU
	EndGlobalSection
	GlobalSection(SolutionProperties) = preSolution
		HideSolutionNode = FALSE
	EndGlobalSection
	GlobalSection(ExtensibilityGlobals) = postSolution
		SolutionGuid = {A8F56E8E-994E-48EB-B035-DA38BB6BECBA}
	EndGlobalSection
EndGlobal
